{
    "version": 3,
    "terraform_version": "0.11.7",
    "serial": 4,
    "lineage": "51811589-f005-96ed-a302-c48283cdee21",
    "modules": [
        {
            "path": [
                "root"
            ],
            "outputs": {},
            "resources": {},
            "depends_on": []
        },
        {
            "path": [
                "root",
                "my_ec2"
            ],
            "outputs": {},
            "resources": {
                "aws_instance.my_instance": {
                    "type": "aws_instance",
                    "depends_on": [],
                    "primary": {
                        "id": "i-0148e1a60082378c6",
                        "attributes": {
                            "ami": "ami-a0cfeed8",
                            "associate_public_ip_address": "false",
                            "availability_zone": "us-west-2c",
                            "credit_specification.#": "1",
                            "credit_specification.0.cpu_credits": "standard",
                            "disable_api_termination": "false",
                            "ebs_block_device.#": "0",
                            "ebs_optimized": "false",
                            "ephemeral_block_device.#": "0",
                            "get_password_data": "false",
                            "iam_instance_profile": "",
                            "id": "i-0148e1a60082378c6",
                            "instance_state": "running",
                            "instance_type": "t2.micro",
                            "ipv6_addresses.#": "0",
                            "key_name": "",
                            "monitoring": "false",
                            "network_interface.#": "0",
                            "network_interface_id": "eni-037191602960ad711",
                            "password_data": "",
                            "placement_group": "",
                            "primary_network_interface_id": "eni-037191602960ad711",
                            "private_dns": "ip-145-123-1-17.us-west-2.compute.internal",
                            "private_ip": "145.123.1.17",
                            "public_dns": "",
                            "public_ip": "",
                            "root_block_device.#": "1",
                            "root_block_device.0.delete_on_termination": "true",
                            "root_block_device.0.iops": "100",
                            "root_block_device.0.volume_id": "vol-01e7ed02d1fa3100f",
                            "root_block_device.0.volume_size": "8",
                            "root_block_device.0.volume_type": "gp2",
                            "security_groups.#": "0",
                            "source_dest_check": "true",
                            "subnet_id": "subnet-012de45a9ace3f0b3",
                            "tags.%": "1",
                            "tags.Name": "HelloWorld",
                            "tenancy": "default",
                            "volume_tags.%": "0",
                            "vpc_security_group_ids.#": "1",
                            "vpc_security_group_ids.3093970148": "sg-0ae6ed3beeb9dc93b"
                        },
                        "meta": {
                            "e2bfb730-ecaa-11e6-8f88-34363bc7c4c0": {
                                "create": 600000000000,
                                "delete": 1200000000000,
                                "update": 600000000000
                            },
                            "schema_version": "1"
                        },
                        "tainted": false
                    },
                    "deposed": [],
                    "provider": "provider.aws"
                }
            },
            "depends_on": []
        },
        {
            "path": [
                "root",
                "my_vpc"
            ],
            "outputs": {
                "subnet_id": {
                    "sensitive": false,
                    "type": "string",
                    "value": "subnet-012de45a9ace3f0b3"
                },
                "vpc_id": {
                    "sensitive": false,
                    "type": "string",
                    "value": "vpc-0d92a0f6d345eac6f"
                }
            },
            "resources": {
                "aws_subnet.mysubnet": {
                    "type": "aws_subnet",
                    "depends_on": [],
                    "primary": {
                        "id": "subnet-012de45a9ace3f0b3",
                        "attributes": {
                            "assign_ipv6_address_on_creation": "false",
                            "availability_zone": "us-west-2c",
                            "cidr_block": "145.123.1.0/25",
                            "id": "subnet-012de45a9ace3f0b3",
                            "map_public_ip_on_launch": "false",
                            "tags.%": "1",
                            "tags.Name": "WU_SUBNET",
                            "vpc_id": "vpc-0d92a0f6d345eac6f"
                        },
                        "meta": {
                            "schema_version": "1"
                        },
                        "tainted": false
                    },
                    "deposed": [],
                    "provider": "provider.aws"
                },
                "aws_vpc.myvpc": {
                    "type": "aws_vpc",
                    "depends_on": [],
                    "primary": {
                        "id": "vpc-0d92a0f6d345eac6f",
                        "attributes": {
                            "assign_generated_ipv6_cidr_block": "false",
                            "cidr_block": "145.123.0.0/16",
                            "default_network_acl_id": "acl-0dd669a14db20bbcc",
                            "default_route_table_id": "rtb-04b45060bf45e90c8",
                            "default_security_group_id": "sg-0ae6ed3beeb9dc93b",
                            "dhcp_options_id": "dopt-6cc53914",
                            "enable_classiclink": "false",
                            "enable_classiclink_dns_support": "false",
                            "enable_dns_hostnames": "false",
                            "enable_dns_support": "true",
                            "id": "vpc-0d92a0f6d345eac6f",
                            "instance_tenancy": "default",
                            "main_route_table_id": "rtb-04b45060bf45e90c8",
                            "tags.%": "1",
                            "tags.Name": "WU_VPC"
                        },
                        "meta": {
                            "schema_version": "1"
                        },
                        "tainted": false
                    },
                    "deposed": [],
                    "provider": "provider.aws"
                }
            },
            "depends_on": []
        }
    ]
}
